<?xml version="1.0" encoding="utf-8"?>
<Project ToolsVersion="4.0" xmlns="http://schemas.microsoft.com/developer/msbuild/2003">
  <ItemGroup>
    <Filter Include="Source Files">
      <UniqueIdentifier>{4FC737F1-C7A5-4376-A066-2A32D752A2FF}</UniqueIdentifier>
      <Extensions>cpp;c;cc;cxx;def;odl;idl;hpj;bat;asm;asmx</Extensions>
    </Filter>
    <Filter Include="Header Files">
      <UniqueIdentifier>{93995380-89BD-4b04-88EB-625FBE52EBFB}</UniqueIdentifier>
      <Extensions>h;hh;hpp;hxx;hm;inl;inc;ipp;xsd</Extensions>
    </Filter>
    <Filter Include="Resource Files">
      <UniqueIdentifier>{67DA6AB6-F800-4c08-8B7A-83BB121AAD01}</UniqueIdentifier>
      <Extensions>rc;ico;cur;bmp;dlg;rc2;rct;bin;rgs;gif;jpg;jpeg;jpe;resx;tiff;tif;png;wav;mfcribbon-ms</Extensions>
    </Filter>
    <Filter Include="Source Files\Helpers">
      <UniqueIdentifier>{10bde02a-659b-48c4-9e4d-7b61153803f3}</UniqueIdentifier>
    </Filter>
    <Filter Include="Source Files\Buttons">
      <UniqueIdentifier>{cd039065-e1b4-484e-8d2c-597d89085a6b}</UniqueIdentifier>
    </Filter>
    <Filter Include="Source Files\windows">
      <UniqueIdentifier>{63254b10-2116-4a1f-a67c-3a6ccd8f623c}</UniqueIdentifier>
    </Filter>
    <Filter Include="Header Files\Button">
      <UniqueIdentifier>{5849e16b-3d93-43cb-95af-762ede905008}</UniqueIdentifier>
    </Filter>
  </ItemGroup>
  <ItemGroup>
    <ClCompile Include="glad.c">
      <Filter>Source Files</Filter>
    </ClCompile>
    <ClCompile Include="Source.cpp">
      <Filter>Source Files</Filter>
    </ClCompile>
    <ClCompile Include="ETexture.cpp">
      <Filter>Source Files</Filter>
    </ClCompile>
    <ClCompile Include="ECamera.cpp">
      <Filter>Source Files</Filter>
    </ClCompile>
    <ClCompile Include="EInit.cpp">
      <Filter>Source Files</Filter>
    </ClCompile>
    <ClCompile Include="EFont.cpp">
      <Filter>Source Files</Filter>
    </ClCompile>
    <ClCompile Include="Batcher.cpp">
      <Filter>Source Files</Filter>
    </ClCompile>
    <ClCompile Include="FilterBlock.cpp">
      <Filter>Source Files</Filter>
    </ClCompile>
    <ClCompile Include="Helper.cpp">
      <Filter>Source Files\Helpers</Filter>
    </ClCompile>
    <ClCompile Include="EButton.cpp">
      <Filter>Source Files\Buttons</Filter>
    </ClCompile>
    <ClCompile Include="EColor.cpp">
      <Filter>Source Files</Filter>
    </ClCompile>
    <ClCompile Include="EGabarite.cpp">
      <Filter>Source Files</Filter>
    </ClCompile>
    <ClCompile Include="DADItem.h">
      <Filter>Header Files</Filter>
    </ClCompile>
    <ClCompile Include="EWindow.cpp">
      <Filter>Source Files\windows</Filter>
    </ClCompile>
    <ClCompile Include="EWindowFilterBlock.cpp">
      <Filter>Source Files\windows</Filter>
    </ClCompile>
    <ClCompile Include="EWindowFindItem.cpp">
      <Filter>Source Files\windows</Filter>
    </ClCompile>
    <ClCompile Include="ItemList.cpp">
      <Filter>Source Files</Filter>
    </ClCompile>
    <ClCompile Include="EButtonItemSearch.cpp">
      <Filter>Source Files\Buttons</Filter>
    </ClCompile>
    <ClCompile Include="EButtonInputSearchItem.cpp">
      <Filter>Source Files\Buttons</Filter>
    </ClCompile>
    <ClCompile Include="EButtonDropCondition.cpp">
      <Filter>Source Files\Buttons</Filter>
    </ClCompile>
    <ClCompile Include="EButtonInputBaseData.cpp">
      <Filter>Source Files\Buttons</Filter>
    </ClCompile>
    <ClCompile Include="EButtonDropRarity.cpp">
      <Filter>Source Files\Buttons</Filter>
    </ClCompile>
    <ClCompile Include="EButtonService.cpp">
      <Filter>Source Files\Buttons</Filter>
    </ClCompile>
    <ClCompile Include="EButtonCheck.cpp">
      <Filter>Source Files\Buttons</Filter>
    </ClCompile>
    <ClCompile Include="EButtonPlusWide.cpp">
      <Filter>Source Files\Buttons</Filter>
    </ClCompile>
    <ClCompile Include="EButtonAddNewBaseData.cpp">
      <Filter>Source Files\Buttons</Filter>
    </ClCompile>
    <ClCompile Include="EButtonSocketGroup.cpp">
      <Filter>Source Files\Buttons</Filter>
    </ClCompile>
    <ClCompile Include="EButtonChange.cpp">
      <Filter>Source Files\Buttons</Filter>
    </ClCompile>
    <ClCompile Include="EButtonClose.cpp">
      <Filter>Source Files\Buttons</Filter>
    </ClCompile>
    <ClCompile Include="EButtonText.cpp">
      <Filter>Source Files\Buttons</Filter>
    </ClCompile>
    <ClCompile Include="EUtils.cpp">
      <Filter>Source Files</Filter>
    </ClCompile>
    <ClCompile Include="EWindowFilterVisualEditor.cpp">
      <Filter>Source Files\windows</Filter>
    </ClCompile>
    <ClCompile Include="EButtonSlider.cpp">
      <Filter>Source Files\Buttons</Filter>
    </ClCompile>
    <ClCompile Include="EWindowTextSearch.cpp">
      <Filter>Source Files\windows</Filter>
    </ClCompile>
    <ClCompile Include="EButtonExplicit.cpp">
      <Filter>Source Files\Buttons</Filter>
    </ClCompile>
    <ClCompile Include="EButtonTextSearch.cpp">
      <Filter>Source Files\Buttons</Filter>
    </ClCompile>
    <ClCompile Include="ExolicitGroup.cpp">
      <Filter>Source Files</Filter>
    </ClCompile>
    <ClCompile Include="ExplicitGroup.cpp">
      <Filter>Source Files</Filter>
    </ClCompile>
    <ClCompile Include="EButtonFilterItem.cpp">
      <Filter>Source Files\Buttons</Filter>
    </ClCompile>
    <ClCompile Include="EButtonRemove.cpp">
      <Filter>Source Files\Buttons</Filter>
    </ClCompile>
    <ClCompile Include="BaseClass.cpp">
      <Filter>Source Files</Filter>
    </ClCompile>
    <ClCompile Include="ProphecyList.cpp">
      <Filter>Source Files</Filter>
    </ClCompile>
    <ClCompile Include="EWindowFilterBlockSearch.cpp">
      <Filter>Source Files\windows</Filter>
    </ClCompile>
  </ItemGroup>
  <ItemGroup>
    <ClInclude Include="Batcher.h">
      <Filter>Header Files</Filter>
    </ClInclude>
    <ClInclude Include="ECamera.h">
      <Filter>Header Files</Filter>
    </ClInclude>
    <ClInclude Include="EInit.h">
      <Filter>Header Files</Filter>
    </ClInclude>
    <ClInclude Include="EFont.h">
      <Filter>Header Files</Filter>
    </ClInclude>
    <ClInclude Include="Helper.h">
      <Filter>Header Files</Filter>
    </ClInclude>
    <ClInclude Include="Enums.h">
      <Filter>Header Files</Filter>
    </ClInclude>
    <ClInclude Include="ConsoleColor.h">
      <Filter>Header Files</Filter>
    </ClInclude>
    <ClInclude Include="EControl.h">
      <Filter>Header Files</Filter>
    </ClInclude>
    <ClInclude Include="Header.h">
      <Filter>Header Files</Filter>
    </ClInclude>
    <ClInclude Include="EDGE_FBO.h">
      <Filter>Header Files</Filter>
    </ClInclude>
    <ClInclude Include="EColor.h">
      <Filter>Header Files</Filter>
    </ClInclude>
    <ClInclude Include="ETexture.h">
      <Filter>Header Files</Filter>
    </ClInclude>
    <ClInclude Include="EGabarite.h">
      <Filter>Header Files</Filter>
    </ClInclude>
    <ClInclude Include="FilterBlock.h">
      <Filter>Header Files</Filter>
    </ClInclude>
    <ClInclude Include="EWindow.h">
      <Filter>Header Files</Filter>
    </ClInclude>
    <ClInclude Include="StaticData.h">
      <Filter>Header Files</Filter>
    </ClInclude>
    <ClInclude Include="ItemList.h">
      <Filter>Header Files</Filter>
    </ClInclude>
    <ClInclude Include="EButtonItemSearch.h">
      <Filter>Header Files\Button</Filter>
    </ClInclude>
    <ClInclude Include="EButton.h">
      <Filter>Header Files\Button</Filter>
    </ClInclude>
    <ClInclude Include="EButtonDropCondition.h">
      <Filter>Header Files\Button</Filter>
    </ClInclude>
    <ClInclude Include="EButtonFilterItem.h">
      <Filter>Header Files\Button</Filter>
    </ClInclude>
    <ClInclude Include="EButtonInputSearchItem.h">
      <Filter>Header Files\Button</Filter>
    </ClInclude>
    <ClInclude Include="EButtonInputBaseData.h">
      <Filter>Header Files\Button</Filter>
    </ClInclude>
    <ClInclude Include="EButtonDropRarity.h">
      <Filter>Header Files\Button</Filter>
    </ClInclude>
    <ClInclude Include="EButtonService.h">
      <Filter>Header Files\Button</Filter>
    </ClInclude>
    <ClInclude Include="EButtonCheck.h">
      <Filter>Header Files\Button</Filter>
    </ClInclude>
    <ClInclude Include="EButtonPlusWide.h">
      <Filter>Header Files\Button</Filter>
    </ClInclude>
    <ClInclude Include="EButtonAddNewBaseData.h">
      <Filter>Header Files\Button</Filter>
    </ClInclude>
    <ClInclude Include="EWindowAddNewBaseData.cpp">
      <Filter>Source Files\windows</Filter>
    </ClInclude>
    <ClInclude Include="EButtonSocketGroup.h">
      <Filter>Header Files\Button</Filter>
    </ClInclude>
    <ClInclude Include="EButtonChange.h">
      <Filter>Header Files\Button</Filter>
    </ClInclude>
    <ClInclude Include="EWindowSocketGroup.cpp">
      <Filter>Source Files\windows</Filter>
    </ClInclude>
    <ClInclude Include="EButtonText.h">
      <Filter>Header Files\Button</Filter>
    </ClInclude>
    <ClInclude Include="EButtonClose.h">
      <Filter>Header Files\Button</Filter>
    </ClInclude>
    <ClInclude Include="EButtonSlider.h">
      <Filter>Header Files\Button</Filter>
    </ClInclude>
    <ClInclude Include="EUtils.h">
      <Filter>Header Files</Filter>
    </ClInclude>
    <ClInclude Include="EButtonTextSearch.h">
      <Filter>Header Files\Button</Filter>
    </ClInclude>
    <ClInclude Include="ExplicitGroup.h">
      <Filter>Header Files</Filter>
    </ClInclude>
    <ClInclude Include="EButtonExplicit.h">
      <Filter>Header Files\Button</Filter>
    </ClInclude>
    <ClInclude Include="EButtonRemove.h">
      <Filter>Header Files\Button</Filter>
    </ClInclude>
    <ClInclude Include="BaseClass.h">
      <Filter>Header Files</Filter>
    </ClInclude>
    <ClInclude Include="ProphecyList.h">
      <Filter>Header Files</Filter>
    </ClInclude>
    <ClInclude Include="EWindowMain.cpp">
      <Filter>Source Files\windows</Filter>
    </ClInclude>
    <ClInclude Include="EWindowFilterBlockSearch.h">
      <Filter>Header Files</Filter>
    </ClInclude>
  </ItemGroup>
</Project>